
Microsoft Visual Studio Solution File, Format Version 12.00
# Visual Studio Version 17
VisualStudioVersion = 17.7.34202.233
MinimumVisualStudioVersion = 10.0.40219.1
Project("{FAE04EC0-301F-11D3-BF4B-00C04F79EFBC}") = "ImSoftware.Api", "ImSoftware.Api\ImSoftware.Api.csproj", "{97D8D6C0-668B-4F25-8369-3F7D29B75480}"
EndProject
Global
	GlobalSection(SolutionConfigurationPlatforms) = preSolution
		Debug|Any CPU = Debug|Any CPU
		Release|Any CPU = Release|Any CPU
	EndGlobalSection
	GlobalSection(ProjectConfigurationPlatforms) = postSolution
		{97D8D6C0-668B-4F25-8369-3F7D29B75480}.Debug|Any CPU.ActiveCfg = Debug|Any CPU
		{97D8D6C0-668B-4F25-8369-3F7D29B75480}.Debug|Any CPU.Build.0 = Debug|Any CPU
		{97D8D6C0-668B-4F25-8369-3F7D29B75480}.Release|Any CPU.ActiveCfg = Release|Any CPU
		{97D8D6C0-668B-4F25-8369-3F7D29B75480}.Release|Any CPU.Build.0 = Release|Any CPU
	EndGlobalSection
	GlobalSection(SolutionProperties) = preSolution
		HideSolutionNode = FALSE
	EndGlobalSection
	GlobalSection(ExtensibilityGlobals) = postSolution
		SolutionGuid = {F155AAA4-2C02-407E-845B-F191DEAAB06B}
	EndGlobalSection
EndGlobal
